
Microsoft Visual Studio Solution File, Format Version 12.00
# Visual Studio Version 17
VisualStudioVersion = 17.6.33829.357
MinimumVisualStudioVersion = 10.0.40219.1
Project("{FAE04EC0-301F-11D3-BF4B-00C04F79EFBC}") = "Siagie.Matricula.Migracion.Api", "Siagie.Matricula.Migracion.Api.csproj", "{C0D96DF6-B304-4B35-97A7-E275A68A3554}"
EndProject
Global
	GlobalSection(SolutionConfigurationPlatforms) = preSolution
		Debug|Any CPU = Debug|Any CPU
		Release|Any CPU = Release|Any CPU
	EndGlobalSection
	GlobalSection(ProjectConfigurationPlatforms) = postSolution
		{C0D96DF6-B304-4B35-97A7-E275A68A3554}.Debug|Any CPU.ActiveCfg = Debug|Any CPU
		{C0D96DF6-B304-4B35-97A7-E275A68A3554}.Debug|Any CPU.Build.0 = Debug|Any CPU
		{C0D96DF6-B304-4B35-97A7-E275A68A3554}.Release|Any CPU.ActiveCfg = Release|Any CPU
		{C0D96DF6-B304-4B35-97A7-E275A68A3554}.Release|Any CPU.Build.0 = Release|Any CPU
	EndGlobalSection
	GlobalSection(SolutionProperties) = preSolution
		HideSolutionNode = FALSE
	EndGlobalSection
	GlobalSection(ExtensibilityGlobals) = postSolution
		SolutionGuid = {4C0C0EB5-500B-401C-BA0E-50C5A89CBC3A}
	EndGlobalSection
EndGlobal
